
Microsoft Visual Studio Solution File, Format Version 12.00
# Visual Studio Version 16
VisualStudioVersion = 16.0.31613.86
MinimumVisualStudioVersion = 10.0.40219.1
Project("{FAE04EC0-301F-11D3-BF4B-00C04F79EFBC}") = "FormTPPROEM", "FormTPPROEM.csproj", "{22A8AF69-2685-4E3A-A843-322A9383EB6C}"
EndProject
Project("{FAE04EC0-301F-11D3-BF4B-00C04F79EFBC}") = "Bibliotecas", "..\Bibliotecas\Bibliotecas.csproj", "{A786388F-1B4C-4A44-BB0D-7D170D62C73B}"
EndProject
Global
	GlobalSection(SolutionConfigurationPlatforms) = preSolution
		Debug|Any CPU = Debug|Any CPU
		Release|Any CPU = Release|Any CPU
	EndGlobalSection
	GlobalSection(ProjectConfigurationPlatforms) = postSolution
		{22A8AF69-2685-4E3A-A843-322A9383EB6C}.Debug|Any CPU.ActiveCfg = Debug|Any CPU
		{22A8AF69-2685-4E3A-A843-322A9383EB6C}.Debug|Any CPU.Build.0 = Debug|Any CPU
		{22A8AF69-2685-4E3A-A843-322A9383EB6C}.Release|Any CPU.ActiveCfg = Release|Any CPU
		{22A8AF69-2685-4E3A-A843-322A9383EB6C}.Release|Any CPU.Build.0 = Release|Any CPU
		{A786388F-1B4C-4A44-BB0D-7D170D62C73B}.Debug|Any CPU.ActiveCfg = Debug|Any CPU
		{A786388F-1B4C-4A44-BB0D-7D170D62C73B}.Debug|Any CPU.Build.0 = Debug|Any CPU
		{A786388F-1B4C-4A44-BB0D-7D170D62C73B}.Release|Any CPU.ActiveCfg = Release|Any CPU
		{A786388F-1B4C-4A44-BB0D-7D170D62C73B}.Release|Any CPU.Build.0 = Release|Any CPU
	EndGlobalSection
	GlobalSection(SolutionProperties) = preSolution
		HideSolutionNode = FALSE
	EndGlobalSection
	GlobalSection(ExtensibilityGlobals) = postSolution
		SolutionGuid = {D07D8DA8-F346-4538-9B86-4533B0D9052F}
	EndGlobalSection
EndGlobal
